
Microsoft Visual Studio Solution File, Format Version 12.00
# Visual Studio Version 17
VisualStudioVersion = 17.9.34728.123
MinimumVisualStudioVersion = 10.0.40219.1
Project("{9A19103F-16F7-4668-BE54-9A1E7A4F7556}") = "la-mia-pizzeria-static", "la-mia-pizzeria-static\la-mia-pizzeria-static.csproj", "{0A2A699B-2529-4DC9-8417-56A7B8D1D0B7}"
EndProject
Project("{9A19103F-16F7-4668-BE54-9A1E7A4F7556}") = "snacks", "snacks\snacks.csproj", "{0BE8D595-EF52-425A-9B53-9BA7CF6F33DB}"
EndProject
Global
	GlobalSection(SolutionConfigurationPlatforms) = preSolution
		Debug|Any CPU = Debug|Any CPU
		Release|Any CPU = Release|Any CPU
	EndGlobalSection
	GlobalSection(ProjectConfigurationPlatforms) = postSolution
		{0A2A699B-2529-4DC9-8417-56A7B8D1D0B7}.Debug|Any CPU.ActiveCfg = Debug|Any CPU
		{0A2A699B-2529-4DC9-8417-56A7B8D1D0B7}.Debug|Any CPU.Build.0 = Debug|Any CPU
		{0A2A699B-2529-4DC9-8417-56A7B8D1D0B7}.Release|Any CPU.ActiveCfg = Release|Any CPU
		{0A2A699B-2529-4DC9-8417-56A7B8D1D0B7}.Release|Any CPU.Build.0 = Release|Any CPU
		{0BE8D595-EF52-425A-9B53-9BA7CF6F33DB}.Debug|Any CPU.ActiveCfg = Debug|Any CPU
		{0BE8D595-EF52-425A-9B53-9BA7CF6F33DB}.Debug|Any CPU.Build.0 = Debug|Any CPU
		{0BE8D595-EF52-425A-9B53-9BA7CF6F33DB}.Release|Any CPU.ActiveCfg = Release|Any CPU
		{0BE8D595-EF52-425A-9B53-9BA7CF6F33DB}.Release|Any CPU.Build.0 = Release|Any CPU
	EndGlobalSection
	GlobalSection(SolutionProperties) = preSolution
		HideSolutionNode = FALSE
	EndGlobalSection
	GlobalSection(ExtensibilityGlobals) = postSolution
		SolutionGuid = {0F2E5631-C60B-4636-A356-A5068C27FF24}
	EndGlobalSection
EndGlobal
